{
  "name": "vr-interactives-three-js-master",
  "version": "1.0.0",
  "lockfileVersion": 2,
  "requires": true,
  "packages": {
    "": {
      "name": "vr-interactives-three-js-master",
      "version": "1.0.0",
      "license": "ISC",
      "dependencies": {
        "three": "^0.145.0",
        "three-fbx-loader": "^1.0.3"
      }
    },
    "node_modules/pako": {
      "version": "1.0.11",
      "resolved": "https://registry.npmjs.org/pako/-/pako-1.0.11.tgz",
      "integrity": "sha512-4hLB8Py4zZce5s4yd9XzopqwVv/yGNhV1Bl8NTmCq1763HeK2+EwVTv+leGeL13Dnh2wfbqowVPXCIO0z4taYw=="
    },
    "node_modules/three": {
      "version": "0.145.0",
      "resolved": "https://registry.npmjs.org/three/-/three-0.145.0.tgz",
      "integrity": "sha512-EKoHQEtEJ4CB6b2BGMBgLZrfwLjXcSUfoI/MiIXUuRpeYsfK5aPWbYhdtIVWOH+x6X0TouldHKHBuc/LAiFzAw=="
    },
    "node_modules/three-fbx-loader": {
      "version": "1.0.3",
      "resolved": "https://registry.npmjs.org/three-fbx-loader/-/three-fbx-loader-1.0.3.tgz",
      "integrity": "sha512-CQZ0IkwqX+ZbIca225mfKCq1feH8XJOf2zqMcC2bugvq20S7alHGsG9QEELbyN9zSL0EvkBXADVDO2lupF0E+A==",
      "dependencies": {
        "pako": "^1.0.6",
        "three": "^0.89.0"
      }
    },
    "node_modules/three-fbx-loader/node_modules/three": {
      "version": "0.89.0",
      "resolved": "https://registry.npmjs.org/three/-/three-0.89.0.tgz",
      "integrity": "sha512-Evv3JolLQtag/lCWu1o3cgz2E5UYCSZHbh9lfBjeLz7nlK8DMmASID680Odl++ZPYk63rrZjPAMq88IrMP3GCA=="
    }
  },
  "dependencies": {
    "pako": {
      "version": "1.0.11",
      "resolved": "https://registry.npmjs.org/pako/-/pako-1.0.11.tgz",
      "integrity": "sha512-4hLB8Py4zZce5s4yd9XzopqwVv/yGNhV1Bl8NTmCq1763HeK2+EwVTv+leGeL13Dnh2wfbqowVPXCIO0z4taYw=="
    },
    "three": {
      "version": "0.145.0",
      "resolved": "https://registry.npmjs.org/three/-/three-0.145.0.tgz",
      "integrity": "sha512-EKoHQEtEJ4CB6b2BGMBgLZrfwLjXcSUfoI/MiIXUuRpeYsfK5aPWbYhdtIVWOH+x6X0TouldHKHBuc/LAiFzAw=="
    },
    "three-fbx-loader": {
      "version": "1.0.3",
      "resolved": "https://registry.npmjs.org/three-fbx-loader/-/three-fbx-loader-1.0.3.tgz",
      "integrity": "sha512-CQZ0IkwqX+ZbIca225mfKCq1feH8XJOf2zqMcC2bugvq20S7alHGsG9QEELbyN9zSL0EvkBXADVDO2lupF0E+A==",
      "requires": {
        "pako": "^1.0.6",
        "three": "^0.89.0"
      },
      "dependencies": {
        "three": {
          "version": "0.89.0",
          "resolved": "https://registry.npmjs.org/three/-/three-0.89.0.tgz",
          "integrity": "sha512-Evv3JolLQtag/lCWu1o3cgz2E5UYCSZHbh9lfBjeLz7nlK8DMmASID680Odl++ZPYk63rrZjPAMq88IrMP3GCA=="
        }
      }
    }
  }
}
